
Microsoft Visual Studio Solution File, Format Version 12.00
# Visual Studio Version 17
VisualStudioVersion = 17.9.34616.47
MinimumVisualStudioVersion = 10.0.40219.1
Project("{9A19103F-16F7-4668-BE54-9A1E7A4F7556}") = "MyProject", "MyProject.csproj", "{18DEA896-72DD-4D12-AD0D-00C068AF94B3}"
EndProject
Global
	GlobalSection(SolutionConfigurationPlatforms) = preSolution
		Debug|Any CPU = Debug|Any CPU
		Release|Any CPU = Release|Any CPU
	EndGlobalSection
	GlobalSection(ProjectConfigurationPlatforms) = postSolution
		{18DEA896-72DD-4D12-AD0D-00C068AF94B3}.Debug|Any CPU.ActiveCfg = Debug|Any CPU
		{18DEA896-72DD-4D12-AD0D-00C068AF94B3}.Debug|Any CPU.Build.0 = Debug|Any CPU
		{18DEA896-72DD-4D12-AD0D-00C068AF94B3}.Release|Any CPU.ActiveCfg = Release|Any CPU
		{18DEA896-72DD-4D12-AD0D-00C068AF94B3}.Release|Any CPU.Build.0 = Release|Any CPU
	EndGlobalSection
	GlobalSection(SolutionProperties) = preSolution
		HideSolutionNode = FALSE
	EndGlobalSection
	GlobalSection(ExtensibilityGlobals) = postSolution
		SolutionGuid = {3BD14315-B18A-4587-8269-325D29F300E6}
	EndGlobalSection
EndGlobal
